
Microsoft Visual Studio Solution File, Format Version 12.00
# Visual Studio 15
VisualStudioVersion = 15.0.26020.0
MinimumVisualStudioVersion = 10.0.40219.1
Project("{A07B5EB6-E848-4116-A8D0-A826331D98C6}") = "TechX.SF.Demo", "TechX.SF.Demo\TechX.SF.Demo.sfproj", "{966220CB-165A-4EEB-B5B0-C408F99A6D44}"
EndProject
Project("{FAE04EC0-301F-11D3-BF4B-00C04F79EFBC}") = "WebApiService", "WebApiService\WebApiService.csproj", "{DCFB58BB-5FD0-4D96-BCF4-6B50381952C2}"
EndProject
Project("{FAE04EC0-301F-11D3-BF4B-00C04F79EFBC}") = "WebScraperService", "WebScraperService\WebScraperService.csproj", "{8BDBB89F-4CAD-43C0-89A6-27564370FEC3}"
EndProject
Project("{FAE04EC0-301F-11D3-BF4B-00C04F79EFBC}") = "SpeakerActor", "SpeakerActor\SpeakerActor.csproj", "{76BDD867-2074-441F-8336-AE01ADB1E1A2}"
EndProject
Project("{FAE04EC0-301F-11D3-BF4B-00C04F79EFBC}") = "SpeakerActor.Interfaces", "SpeakerActor.Interfaces\SpeakerActor.Interfaces.csproj", "{B2ED962A-592D-4C61-922D-F7F5A76694CF}"
EndProject
Global
	GlobalSection(SolutionConfigurationPlatforms) = preSolution
		Debug|x64 = Debug|x64
		Release|x64 = Release|x64
	EndGlobalSection
	GlobalSection(ProjectConfigurationPlatforms) = postSolution
		{966220CB-165A-4EEB-B5B0-C408F99A6D44}.Debug|x64.ActiveCfg = Debug|x64
		{966220CB-165A-4EEB-B5B0-C408F99A6D44}.Debug|x64.Build.0 = Debug|x64
		{966220CB-165A-4EEB-B5B0-C408F99A6D44}.Debug|x64.Deploy.0 = Debug|x64
		{966220CB-165A-4EEB-B5B0-C408F99A6D44}.Release|x64.ActiveCfg = Release|x64
		{966220CB-165A-4EEB-B5B0-C408F99A6D44}.Release|x64.Build.0 = Release|x64
		{966220CB-165A-4EEB-B5B0-C408F99A6D44}.Release|x64.Deploy.0 = Release|x64
		{DCFB58BB-5FD0-4D96-BCF4-6B50381952C2}.Debug|x64.ActiveCfg = Debug|x64
		{DCFB58BB-5FD0-4D96-BCF4-6B50381952C2}.Debug|x64.Build.0 = Debug|x64
		{DCFB58BB-5FD0-4D96-BCF4-6B50381952C2}.Release|x64.ActiveCfg = Release|x64
		{DCFB58BB-5FD0-4D96-BCF4-6B50381952C2}.Release|x64.Build.0 = Release|x64
		{8BDBB89F-4CAD-43C0-89A6-27564370FEC3}.Debug|x64.ActiveCfg = Debug|x64
		{8BDBB89F-4CAD-43C0-89A6-27564370FEC3}.Debug|x64.Build.0 = Debug|x64
		{8BDBB89F-4CAD-43C0-89A6-27564370FEC3}.Release|x64.ActiveCfg = Release|x64
		{8BDBB89F-4CAD-43C0-89A6-27564370FEC3}.Release|x64.Build.0 = Release|x64
		{76BDD867-2074-441F-8336-AE01ADB1E1A2}.Debug|x64.ActiveCfg = Debug|x64
		{76BDD867-2074-441F-8336-AE01ADB1E1A2}.Debug|x64.Build.0 = Debug|x64
		{76BDD867-2074-441F-8336-AE01ADB1E1A2}.Release|x64.ActiveCfg = Release|x64
		{76BDD867-2074-441F-8336-AE01ADB1E1A2}.Release|x64.Build.0 = Release|x64
		{B2ED962A-592D-4C61-922D-F7F5A76694CF}.Debug|x64.ActiveCfg = Debug|x64
		{B2ED962A-592D-4C61-922D-F7F5A76694CF}.Debug|x64.Build.0 = Debug|x64
		{B2ED962A-592D-4C61-922D-F7F5A76694CF}.Release|x64.ActiveCfg = Release|x64
		{B2ED962A-592D-4C61-922D-F7F5A76694CF}.Release|x64.Build.0 = Release|x64
	EndGlobalSection
	GlobalSection(SolutionProperties) = preSolution
		HideSolutionNode = FALSE
	EndGlobalSection
EndGlobal
